// !$*UTF8*$!
{
	archiveVersion = 1;
	classes = {
	};
	objectVersion = 52;
	objects = {

/* Begin PBXBuildFile section */
		58560067269A40DF00E86548 /* Coordinator.swift in Sources */ = {isa = PBXBuildFile; fileRef = 58560066269A40DF00E86548 /* Coordinator.swift */; };
		7D122F24268915A300F5BA34 /* Intents.framework in Frameworks */ = {isa = PBXBuildFile; fileRef = 7D122F23268915A300F5BA34 /* Intents.framework */; };
		7D122F27268915A300F5BA34 /* IntentHandler.swift in Sources */ = {isa = PBXBuildFile; fileRef = 7D122F26268915A300F5BA34 /* IntentHandler.swift */; };
		7D122F3C268915A300F5BA34 /* CreateEventExtension.appex in Embed App Extensions */ = {isa = PBXBuildFile; fileRef = 7D122F22268915A300F5BA34 /* CreateEventExtension.appex */; settings = {ATTRIBUTES = (RemoveHeadersOnCopy, ); }; };
		7D122F44268915BE00F5BA34 /* Intents.intentdefinition in Sources */ = {isa = PBXBuildFile; fileRef = 7D122F43268915BE00F5BA34 /* Intents.intentdefinition */; };
		7D122F46268916D700F5BA34 /* Event.swift in Sources */ = {isa = PBXBuildFile; fileRef = 7D20AF9E264EBC59003BF480 /* Event.swift */; };
		7D122F4826891A3800F5BA34 /* Intents.intentdefinition in Sources */ = {isa = PBXBuildFile; fileRef = 7D122F43268915BE00F5BA34 /* Intents.intentdefinition */; };
		7D20AF6D264EBBB0003BF480 /* AppDelegate.swift in Sources */ = {isa = PBXBuildFile; fileRef = 7D20AF6C264EBBB0003BF480 /* AppDelegate.swift */; };
		7D20AF6F264EBBB0003BF480 /* SceneDelegate.swift in Sources */ = {isa = PBXBuildFile; fileRef = 7D20AF6E264EBBB0003BF480 /* SceneDelegate.swift */; };
		7D20AF71264EBBB0003BF480 /* ViewController.swift in Sources */ = {isa = PBXBuildFile; fileRef = 7D20AF70264EBBB0003BF480 /* ViewController.swift */; };
		7D20AF74264EBBB0003BF480 /* Main.storyboard in Resources */ = {isa = PBXBuildFile; fileRef = 7D20AF72264EBBB0003BF480 /* Main.storyboard */; };
		7D20AF76264EBBB2003BF480 /* Assets.xcassets in Resources */ = {isa = PBXBuildFile; fileRef = 7D20AF75264EBBB2003BF480 /* Assets.xcassets */; };
		7D20AF79264EBBB2003BF480 /* LaunchScreen.storyboard in Resources */ = {isa = PBXBuildFile; fileRef = 7D20AF77264EBBB2003BF480 /* LaunchScreen.storyboard */; };
		7D20AF84264EBBB2003BF480 /* BackToNormalTests.swift in Sources */ = {isa = PBXBuildFile; fileRef = 7D20AF83264EBBB2003BF480 /* BackToNormalTests.swift */; };
		7D20AF8F264EBBB2003BF480 /* BackToNormalUITests.swift in Sources */ = {isa = PBXBuildFile; fileRef = 7D20AF8E264EBBB2003BF480 /* BackToNormalUITests.swift */; };
		7D20AF9D264EBC1A003BF480 /* README.md in Resources */ = {isa = PBXBuildFile; fileRef = 7D20AF9C264EBC1A003BF480 /* README.md */; };
		7D20AF9F264EBC59003BF480 /* Event.swift in Sources */ = {isa = PBXBuildFile; fileRef = 7D20AF9E264EBC59003BF480 /* Event.swift */; };
		7D20AFA1264EC26A003BF480 /* EventCell.swift in Sources */ = {isa = PBXBuildFile; fileRef = 7D20AFA0264EC26A003BF480 /* EventCell.swift */; };
		7D20AFA4264EC2E4003BF480 /* UtiliKit in Frameworks */ = {isa = PBXBuildFile; productRef = 7D20AFA3264EC2E4003BF480 /* UtiliKit */; };
		7D20AFC62652CC19003BF480 /* WidgetKit.framework in Frameworks */ = {isa = PBXBuildFile; fileRef = 7D20AFC52652CC19003BF480 /* WidgetKit.framework */; };
		7D20AFC82652CC19003BF480 /* SwiftUI.framework in Frameworks */ = {isa = PBXBuildFile; fileRef = 7D20AFC72652CC19003BF480 /* SwiftUI.framework */; };
		7D20AFCB2652CC19003BF480 /* btn.swift in Sources */ = {isa = PBXBuildFile; fileRef = 7D20AFCA2652CC19003BF480 /* btn.swift */; };
		7D20AFCD2652CC1B003BF480 /* Assets.xcassets in Resources */ = {isa = PBXBuildFile; fileRef = 7D20AFCC2652CC1B003BF480 /* Assets.xcassets */; };
		7D20AFD12652CC1B003BF480 /* btnExtension.appex in Embed App Extensions */ = {isa = PBXBuildFile; fileRef = 7D20AFC32652CC19003BF480 /* btnExtension.appex */; settings = {ATTRIBUTES = (RemoveHeadersOnCopy, ); }; };
		7D20AFD82652CDEF003BF480 /* Event.swift in Sources */ = {isa = PBXBuildFile; fileRef = 7D20AF9E264EBC59003BF480 /* Event.swift */; };
		7D93F269267B96B800FA05E5 /* CreateEventViewController.swift in Sources */ = {isa = PBXBuildFile; fileRef = 7D93F268267B96B800FA05E5 /* CreateEventViewController.swift */; };
/* End PBXBuildFile section */

/* Begin PBXContainerItemProxy section */
		7D122F3A268915A300F5BA34 /* PBXContainerItemProxy */ = {
			isa = PBXContainerItemProxy;
			containerPortal = 7D20AF61264EBBB0003BF480 /* Project object */;
			proxyType = 1;
			remoteGlobalIDString = 7D122F21268915A300F5BA34;
			remoteInfo = CreateEventExtension;
		};
		7D20AF80264EBBB2003BF480 /* PBXContainerItemProxy */ = {
			isa = PBXContainerItemProxy;
			containerPortal = 7D20AF61264EBBB0003BF480 /* Project object */;
			proxyType = 1;
			remoteGlobalIDString = 7D20AF68264EBBB0003BF480;
			remoteInfo = BackToNormal;
		};
		7D20AF8B264EBBB2003BF480 /* PBXContainerItemProxy */ = {
			isa = PBXContainerItemProxy;
			containerPortal = 7D20AF61264EBBB0003BF480 /* Project object */;
			proxyType = 1;
			remoteGlobalIDString = 7D20AF68264EBBB0003BF480;
			remoteInfo = BackToNormal;
		};
		7D20AFCF2652CC1B003BF480 /* PBXContainerItemProxy */ = {
			isa = PBXContainerItemProxy;
			containerPortal = 7D20AF61264EBBB0003BF480 /* Project object */;
			proxyType = 1;
			remoteGlobalIDString = 7D20AFC22652CC19003BF480;
			remoteInfo = btnExtension;
		};
/* End PBXContainerItemProxy section */

/* Begin PBXCopyFilesBuildPhase section */
		7D20AFD22652CC1B003BF480 /* Embed App Extensions */ = {
			isa = PBXCopyFilesBuildPhase;
			buildActionMask = 2147483647;
			dstPath = "";
			dstSubfolderSpec = 13;
			files = (
				7D20AFD12652CC1B003BF480 /* btnExtension.appex in Embed App Extensions */,
				7D122F3C268915A300F5BA34 /* CreateEventExtension.appex in Embed App Extensions */,
			);
			name = "Embed App Extensions";
			runOnlyForDeploymentPostprocessing = 0;
		};
/* End PBXCopyFilesBuildPhase section */

/* Begin PBXFileReference section */
		58560066269A40DF00E86548 /* Coordinator.swift */ = {isa = PBXFileReference; lastKnownFileType = sourcecode.swift; path = Coordinator.swift; sourceTree = "<group>"; };
		7D122F22268915A300F5BA34 /* CreateEventExtension.appex */ = {isa = PBXFileReference; explicitFileType = "wrapper.app-extension"; includeInIndex = 0; path = CreateEventExtension.appex; sourceTree = BUILT_PRODUCTS_DIR; };
		7D122F23268915A300F5BA34 /* Intents.framework */ = {isa = PBXFileReference; lastKnownFileType = wrapper.framework; name = Intents.framework; path = System/Library/Frameworks/Intents.framework; sourceTree = SDKROOT; };
		7D122F26268915A300F5BA34 /* IntentHandler.swift */ = {isa = PBXFileReference; lastKnownFileType = sourcecode.swift; path = IntentHandler.swift; sourceTree = "<group>"; };
		7D122F28268915A300F5BA34 /* Info.plist */ = {isa = PBXFileReference; lastKnownFileType = text.plist.xml; path = Info.plist; sourceTree = "<group>"; };
		7D122F2E268915A300F5BA34 /* IntentsUI.framework */ = {isa = PBXFileReference; lastKnownFileType = wrapper.framework; name = IntentsUI.framework; path = System/Library/Frameworks/IntentsUI.framework; sourceTree = SDKROOT; };
		7D122F31268915A300F5BA34 /* IntentViewController.swift */ = {isa = PBXFileReference; lastKnownFileType = sourcecode.swift; path = IntentViewController.swift; sourceTree = "<group>"; };
		7D122F34268915A300F5BA34 /* Base */ = {isa = PBXFileReference; lastKnownFileType = file.storyboard; name = Base; path = Base.lproj/MainInterface.storyboard; sourceTree = "<group>"; };
		7D122F36268915A300F5BA34 /* Info.plist */ = {isa = PBXFileReference; lastKnownFileType = text.plist.xml; path = Info.plist; sourceTree = "<group>"; };
		7D122F43268915BE00F5BA34 /* Intents.intentdefinition */ = {isa = PBXFileReference; lastKnownFileType = file.intentdefinition; path = Intents.intentdefinition; sourceTree = "<group>"; };
		7D122F4926891B3500F5BA34 /* CreateEventExtension.entitlements */ = {isa = PBXFileReference; lastKnownFileType = text.plist.entitlements; path = CreateEventExtension.entitlements; sourceTree = "<group>"; };
		7D20AF69264EBBB0003BF480 /* BackToNormal.app */ = {isa = PBXFileReference; explicitFileType = wrapper.application; includeInIndex = 0; path = BackToNormal.app; sourceTree = BUILT_PRODUCTS_DIR; };
		7D20AF6C264EBBB0003BF480 /* AppDelegate.swift */ = {isa = PBXFileReference; lastKnownFileType = sourcecode.swift; path = AppDelegate.swift; sourceTree = "<group>"; };
		7D20AF6E264EBBB0003BF480 /* SceneDelegate.swift */ = {isa = PBXFileReference; lastKnownFileType = sourcecode.swift; path = SceneDelegate.swift; sourceTree = "<group>"; };
		7D20AF70264EBBB0003BF480 /* ViewController.swift */ = {isa = PBXFileReference; lastKnownFileType = sourcecode.swift; path = ViewController.swift; sourceTree = "<group>"; };
		7D20AF73264EBBB0003BF480 /* Base */ = {isa = PBXFileReference; lastKnownFileType = file.storyboard; name = Base; path = Base.lproj/Main.storyboard; sourceTree = "<group>"; };
		7D20AF75264EBBB2003BF480 /* Assets.xcassets */ = {isa = PBXFileReference; lastKnownFileType = folder.assetcatalog; path = Assets.xcassets; sourceTree = "<group>"; };
		7D20AF78264EBBB2003BF480 /* Base */ = {isa = PBXFileReference; lastKnownFileType = file.storyboard; name = Base; path = Base.lproj/LaunchScreen.storyboard; sourceTree = "<group>"; };
		7D20AF7A264EBBB2003BF480 /* Info.plist */ = {isa = PBXFileReference; lastKnownFileType = text.plist.xml; path = Info.plist; sourceTree = "<group>"; };
		7D20AF7F264EBBB2003BF480 /* BackToNormalTests.xctest */ = {isa = PBXFileReference; explicitFileType = wrapper.cfbundle; includeInIndex = 0; path = BackToNormalTests.xctest; sourceTree = BUILT_PRODUCTS_DIR; };
		7D20AF83264EBBB2003BF480 /* BackToNormalTests.swift */ = {isa = PBXFileReference; lastKnownFileType = sourcecode.swift; path = BackToNormalTests.swift; sourceTree = "<group>"; };
		7D20AF85264EBBB2003BF480 /* Info.plist */ = {isa = PBXFileReference; lastKnownFileType = text.plist.xml; path = Info.plist; sourceTree = "<group>"; };
		7D20AF8A264EBBB2003BF480 /* BackToNormalUITests.xctest */ = {isa = PBXFileReference; explicitFileType = wrapper.cfbundle; includeInIndex = 0; path = BackToNormalUITests.xctest; sourceTree = BUILT_PRODUCTS_DIR; };
		7D20AF8E264EBBB2003BF480 /* BackToNormalUITests.swift */ = {isa = PBXFileReference; lastKnownFileType = sourcecode.swift; path = BackToNormalUITests.swift; sourceTree = "<group>"; };
		7D20AF90264EBBB2003BF480 /* Info.plist */ = {isa = PBXFileReference; lastKnownFileType = text.plist.xml; path = Info.plist; sourceTree = "<group>"; };
		7D20AF9C264EBC1A003BF480 /* README.md */ = {isa = PBXFileReference; lastKnownFileType = net.daringfireball.markdown; path = README.md; sourceTree = "<group>"; };
		7D20AF9E264EBC59003BF480 /* Event.swift */ = {isa = PBXFileReference; lastKnownFileType = sourcecode.swift; path = Event.swift; sourceTree = "<group>"; };
		7D20AFA0264EC26A003BF480 /* EventCell.swift */ = {isa = PBXFileReference; lastKnownFileType = sourcecode.swift; path = EventCell.swift; sourceTree = "<group>"; };
		7D20AFC32652CC19003BF480 /* btnExtension.appex */ = {isa = PBXFileReference; explicitFileType = "wrapper.app-extension"; includeInIndex = 0; path = btnExtension.appex; sourceTree = BUILT_PRODUCTS_DIR; };
		7D20AFC52652CC19003BF480 /* WidgetKit.framework */ = {isa = PBXFileReference; lastKnownFileType = wrapper.framework; name = WidgetKit.framework; path = System/Library/Frameworks/WidgetKit.framework; sourceTree = SDKROOT; };
		7D20AFC72652CC19003BF480 /* SwiftUI.framework */ = {isa = PBXFileReference; lastKnownFileType = wrapper.framework; name = SwiftUI.framework; path = System/Library/Frameworks/SwiftUI.framework; sourceTree = SDKROOT; };
		7D20AFCA2652CC19003BF480 /* btn.swift */ = {isa = PBXFileReference; lastKnownFileType = sourcecode.swift; path = btn.swift; sourceTree = "<group>"; };
		7D20AFCC2652CC1B003BF480 /* Assets.xcassets */ = {isa = PBXFileReference; lastKnownFileType = folder.assetcatalog; path = Assets.xcassets; sourceTree = "<group>"; };
		7D20AFCE2652CC1B003BF480 /* Info.plist */ = {isa = PBXFileReference; lastKnownFileType = text.plist.xml; path = Info.plist; sourceTree = "<group>"; };
		7D20AFD62652CC71003BF480 /* BackToNormal.entitlements */ = {isa = PBXFileReference; lastKnownFileType = text.plist.entitlements; path = BackToNormal.entitlements; sourceTree = "<group>"; };
		7D20AFD72652CC9E003BF480 /* btnExtension.entitlements */ = {isa = PBXFileReference; lastKnownFileType = text.plist.entitlements; path = btnExtension.entitlements; sourceTree = "<group>"; };
		7D93F268267B96B800FA05E5 /* CreateEventViewController.swift */ = {isa = PBXFileReference; lastKnownFileType = sourcecode.swift; path = CreateEventViewController.swift; sourceTree = "<group>"; };
/* End PBXFileReference section */

/* Begin PBXFrameworksBuildPhase section */
		7D122F1F268915A300F5BA34 /* Frameworks */ = {
			isa = PBXFrameworksBuildPhase;
			buildActionMask = 2147483647;
			files = (
				7D122F24268915A300F5BA34 /* Intents.framework in Frameworks */,
			);
			runOnlyForDeploymentPostprocessing = 0;
		};
		7D20AF66264EBBB0003BF480 /* Frameworks */ = {
			isa = PBXFrameworksBuildPhase;
			buildActionMask = 2147483647;
			files = (
				7D20AFA4264EC2E4003BF480 /* UtiliKit in Frameworks */,
			);
			runOnlyForDeploymentPostprocessing = 0;
		};
		7D20AF7C264EBBB2003BF480 /* Frameworks */ = {
			isa = PBXFrameworksBuildPhase;
			buildActionMask = 2147483647;
			files = (
			);
			runOnlyForDeploymentPostprocessing = 0;
		};
		7D20AF87264EBBB2003BF480 /* Frameworks */ = {
			isa = PBXFrameworksBuildPhase;
			buildActionMask = 2147483647;
			files = (
			);
			runOnlyForDeploymentPostprocessing = 0;
		};
		7D20AFC02652CC19003BF480 /* Frameworks */ = {
			isa = PBXFrameworksBuildPhase;
			buildActionMask = 2147483647;
			files = (
				7D20AFC82652CC19003BF480 /* SwiftUI.framework in Frameworks */,
				7D20AFC62652CC19003BF480 /* WidgetKit.framework in Frameworks */,
			);
			runOnlyForDeploymentPostprocessing = 0;
		};
/* End PBXFrameworksBuildPhase section */

/* Begin PBXGroup section */
		7D122F25268915A300F5BA34 /* CreateEventExtension */ = {
			isa = PBXGroup;
			children = (
				7D122F4926891B3500F5BA34 /* CreateEventExtension.entitlements */,
				7D122F26268915A300F5BA34 /* IntentHandler.swift */,
				7D122F28268915A300F5BA34 /* Info.plist */,
				7D122F43268915BE00F5BA34 /* Intents.intentdefinition */,
			);
			path = CreateEventExtension;
			sourceTree = "<group>";
		};
		7D122F30268915A300F5BA34 /* CreateEventExtensionUI */ = {
			isa = PBXGroup;
			children = (
				7D122F31268915A300F5BA34 /* IntentViewController.swift */,
				7D122F33268915A300F5BA34 /* MainInterface.storyboard */,
				7D122F36268915A300F5BA34 /* Info.plist */,
			);
			path = CreateEventExtensionUI;
			sourceTree = "<group>";
		};
		7D20AF60264EBBB0003BF480 = {
			isa = PBXGroup;
			children = (
				7D20AFD72652CC9E003BF480 /* btnExtension.entitlements */,
				7D20AF9C264EBC1A003BF480 /* README.md */,
				7D20AF6B264EBBB0003BF480 /* BackToNormal */,
				7D20AF82264EBBB2003BF480 /* BackToNormalTests */,
				7D20AF8D264EBBB2003BF480 /* BackToNormalUITests */,
				7D20AFC92652CC19003BF480 /* btn */,
				7D122F25268915A300F5BA34 /* CreateEventExtension */,
				7D122F30268915A300F5BA34 /* CreateEventExtensionUI */,
				7D20AFC42652CC19003BF480 /* Frameworks */,
				7D20AF6A264EBBB0003BF480 /* Products */,
			);
			sourceTree = "<group>";
		};
		7D20AF6A264EBBB0003BF480 /* Products */ = {
			isa = PBXGroup;
			children = (
				7D20AF69264EBBB0003BF480 /* BackToNormal.app */,
				7D20AF7F264EBBB2003BF480 /* BackToNormalTests.xctest */,
				7D20AF8A264EBBB2003BF480 /* BackToNormalUITests.xctest */,
				7D20AFC32652CC19003BF480 /* btnExtension.appex */,
				7D122F22268915A300F5BA34 /* CreateEventExtension.appex */,
			);
			name = Products;
			sourceTree = "<group>";
		};
		7D20AF6B264EBBB0003BF480 /* BackToNormal */ = {
			isa = PBXGroup;
			children = (
				7D20AFD62652CC71003BF480 /* BackToNormal.entitlements */,
				7D20AF6C264EBBB0003BF480 /* AppDelegate.swift */,
				7D20AF6E264EBBB0003BF480 /* SceneDelegate.swift */,
				7D20AF70264EBBB0003BF480 /* ViewController.swift */,
				58560066269A40DF00E86548 /* Coordinator.swift */,
				7D93F268267B96B800FA05E5 /* CreateEventViewController.swift */,
				7D20AF72264EBBB0003BF480 /* Main.storyboard */,
				7D20AF9E264EBC59003BF480 /* Event.swift */,
				7D20AFA0264EC26A003BF480 /* EventCell.swift */,
				7D20AF75264EBBB2003BF480 /* Assets.xcassets */,
				7D20AF77264EBBB2003BF480 /* LaunchScreen.storyboard */,
				7D20AF7A264EBBB2003BF480 /* Info.plist */,
			);
			path = BackToNormal;
			sourceTree = "<group>";
		};
		7D20AF82264EBBB2003BF480 /* BackToNormalTests */ = {
			isa = PBXGroup;
			children = (
				7D20AF83264EBBB2003BF480 /* BackToNormalTests.swift */,
				7D20AF85264EBBB2003BF480 /* Info.plist */,
			);
			path = BackToNormalTests;
			sourceTree = "<group>";
		};
		7D20AF8D264EBBB2003BF480 /* BackToNormalUITests */ = {
			isa = PBXGroup;
			children = (
				7D20AF8E264EBBB2003BF480 /* BackToNormalUITests.swift */,
				7D20AF90264EBBB2003BF480 /* Info.plist */,
			);
			path = BackToNormalUITests;
			sourceTree = "<group>";
		};
		7D20AFC42652CC19003BF480 /* Frameworks */ = {
			isa = PBXGroup;
			children = (
				7D20AFC52652CC19003BF480 /* WidgetKit.framework */,
				7D20AFC72652CC19003BF480 /* SwiftUI.framework */,
				7D122F23268915A300F5BA34 /* Intents.framework */,
				7D122F2E268915A300F5BA34 /* IntentsUI.framework */,
			);
			name = Frameworks;
			sourceTree = "<group>";
		};
		7D20AFC92652CC19003BF480 /* btn */ = {
			isa = PBXGroup;
			children = (
				7D20AFCA2652CC19003BF480 /* btn.swift */,
				7D20AFCC2652CC1B003BF480 /* Assets.xcassets */,
				7D20AFCE2652CC1B003BF480 /* Info.plist */,
			);
			path = btn;
			sourceTree = "<group>";
		};
/* End PBXGroup section */

/* Begin PBXNativeTarget section */
		7D122F21268915A300F5BA34 /* CreateEventExtension */ = {
			isa = PBXNativeTarget;
			buildConfigurationList = 7D122F42268915A300F5BA34 /* Build configuration list for PBXNativeTarget "CreateEventExtension" */;
			buildPhases = (
				7D122F1E268915A300F5BA34 /* Sources */,
				7D122F1F268915A300F5BA34 /* Frameworks */,
				7D122F20268915A300F5BA34 /* Resources */,
			);
			buildRules = (
			);
			dependencies = (
			);
			name = CreateEventExtension;
			productName = CreateEventExtension;
			productReference = 7D122F22268915A300F5BA34 /* CreateEventExtension.appex */;
			productType = "com.apple.product-type.app-extension";
		};
		7D20AF68264EBBB0003BF480 /* BackToNormal */ = {
			isa = PBXNativeTarget;
			buildConfigurationList = 7D20AF93264EBBB2003BF480 /* Build configuration list for PBXNativeTarget "BackToNormal" */;
			buildPhases = (
				7D20AF65264EBBB0003BF480 /* Sources */,
				7D20AF66264EBBB0003BF480 /* Frameworks */,
				7D20AF67264EBBB0003BF480 /* Resources */,
				7D20AFD22652CC1B003BF480 /* Embed App Extensions */,
			);
			buildRules = (
			);
			dependencies = (
				7D20AFD02652CC1B003BF480 /* PBXTargetDependency */,
				7D122F3B268915A300F5BA34 /* PBXTargetDependency */,
			);
			name = BackToNormal;
			packageProductDependencies = (
				7D20AFA3264EC2E4003BF480 /* UtiliKit */,
			);
			productName = BackToNormal;
			productReference = 7D20AF69264EBBB0003BF480 /* BackToNormal.app */;
			productType = "com.apple.product-type.application";
		};
		7D20AF7E264EBBB2003BF480 /* BackToNormalTests */ = {
			isa = PBXNativeTarget;
			buildConfigurationList = 7D20AF96264EBBB2003BF480 /* Build configuration list for PBXNativeTarget "BackToNormalTests" */;
			buildPhases = (
				7D20AF7B264EBBB2003BF480 /* Sources */,
				7D20AF7C264EBBB2003BF480 /* Frameworks */,
				7D20AF7D264EBBB2003BF480 /* Resources */,
			);
			buildRules = (
			);
			dependencies = (
				7D20AF81264EBBB2003BF480 /* PBXTargetDependency */,
			);
			name = BackToNormalTests;
			productName = BackToNormalTests;
			productReference = 7D20AF7F264EBBB2003BF480 /* BackToNormalTests.xctest */;
			productType = "com.apple.product-type.bundle.unit-test";
		};
		7D20AF89264EBBB2003BF480 /* BackToNormalUITests */ = {
			isa = PBXNativeTarget;
			buildConfigurationList = 7D20AF99264EBBB2003BF480 /* Build configuration list for PBXNativeTarget "BackToNormalUITests" */;
			buildPhases = (
				7D20AF86264EBBB2003BF480 /* Sources */,
				7D20AF87264EBBB2003BF480 /* Frameworks */,
				7D20AF88264EBBB2003BF480 /* Resources */,
			);
			buildRules = (
			);
			dependencies = (
				7D20AF8C264EBBB2003BF480 /* PBXTargetDependency */,
			);
			name = BackToNormalUITests;
			productName = BackToNormalUITests;
			productReference = 7D20AF8A264EBBB2003BF480 /* BackToNormalUITests.xctest */;
			productType = "com.apple.product-type.bundle.ui-testing";
		};
		7D20AFC22652CC19003BF480 /* btnExtension */ = {
			isa = PBXNativeTarget;
			buildConfigurationList = 7D20AFD52652CC1B003BF480 /* Build configuration list for PBXNativeTarget "btnExtension" */;
			buildPhases = (
				7D20AFBF2652CC19003BF480 /* Sources */,
				7D20AFC02652CC19003BF480 /* Frameworks */,
				7D20AFC12652CC19003BF480 /* Resources */,
			);
			buildRules = (
			);
			dependencies = (
			);
			name = btnExtension;
			productName = btnExtension;
			productReference = 7D20AFC32652CC19003BF480 /* btnExtension.appex */;
			productType = "com.apple.product-type.app-extension";
		};
/* End PBXNativeTarget section */

/* Begin PBXProject section */
		7D20AF61264EBBB0003BF480 /* Project object */ = {
			isa = PBXProject;
			attributes = {
				LastSwiftUpdateCheck = 1300;
				LastUpgradeCheck = 1250;
				TargetAttributes = {
					7D122F21268915A300F5BA34 = {
						CreatedOnToolsVersion = 13.0;
					};
					7D20AF68264EBBB0003BF480 = {
						CreatedOnToolsVersion = 12.5;
					};
					7D20AF7E264EBBB2003BF480 = {
						CreatedOnToolsVersion = 12.5;
						TestTargetID = 7D20AF68264EBBB0003BF480;
					};
					7D20AF89264EBBB2003BF480 = {
						CreatedOnToolsVersion = 12.5;
						TestTargetID = 7D20AF68264EBBB0003BF480;
					};
					7D20AFC22652CC19003BF480 = {
						CreatedOnToolsVersion = 12.5;
					};
				};
			};
			buildConfigurationList = 7D20AF64264EBBB0003BF480 /* Build configuration list for PBXProject "BackToNormal" */;
			compatibilityVersion = "Xcode 9.3";
			developmentRegion = en;
			hasScannedForEncodings = 0;
			knownRegions = (
				en,
				Base,
			);
			mainGroup = 7D20AF60264EBBB0003BF480;
			packageReferences = (
				7D20AFA2264EC2E4003BF480 /* XCRemoteSwiftPackageReference "iOS-UtiliKit" */,
			);
			productRefGroup = 7D20AF6A264EBBB0003BF480 /* Products */;
			projectDirPath = "";
			projectRoot = "";
			targets = (
				7D20AF68264EBBB0003BF480 /* BackToNormal */,
				7D20AF7E264EBBB2003BF480 /* BackToNormalTests */,
				7D20AF89264EBBB2003BF480 /* BackToNormalUITests */,
				7D20AFC22652CC19003BF480 /* btnExtension */,
				7D122F21268915A300F5BA34 /* CreateEventExtension */,
			);
		};
/* End PBXProject section */

/* Begin PBXResourcesBuildPhase section */
		7D122F20268915A300F5BA34 /* Resources */ = {
			isa = PBXResourcesBuildPhase;
			buildActionMask = 2147483647;
			files = (
			);
			runOnlyForDeploymentPostprocessing = 0;
		};
		7D20AF67264EBBB0003BF480 /* Resources */ = {
			isa = PBXResourcesBuildPhase;
			buildActionMask = 2147483647;
			files = (
				7D20AF79264EBBB2003BF480 /* LaunchScreen.storyboard in Resources */,
				7D20AF76264EBBB2003BF480 /* Assets.xcassets in Resources */,
				7D20AF9D264EBC1A003BF480 /* README.md in Resources */,
				7D20AF74264EBBB0003BF480 /* Main.storyboard in Resources */,
			);
			runOnlyForDeploymentPostprocessing = 0;
		};
		7D20AF7D264EBBB2003BF480 /* Resources */ = {
			isa = PBXResourcesBuildPhase;
			buildActionMask = 2147483647;
			files = (
			);
			runOnlyForDeploymentPostprocessing = 0;
		};
		7D20AF88264EBBB2003BF480 /* Resources */ = {
			isa = PBXResourcesBuildPhase;
			buildActionMask = 2147483647;
			files = (
			);
			runOnlyForDeploymentPostprocessing = 0;
		};
		7D20AFC12652CC19003BF480 /* Resources */ = {
			isa = PBXResourcesBuildPhase;
			buildActionMask = 2147483647;
			files = (
				7D20AFCD2652CC1B003BF480 /* Assets.xcassets in Resources */,
			);
			runOnlyForDeploymentPostprocessing = 0;
		};
/* End PBXResourcesBuildPhase section */

/* Begin PBXSourcesBuildPhase section */
		7D122F1E268915A300F5BA34 /* Sources */ = {
			isa = PBXSourcesBuildPhase;
			buildActionMask = 2147483647;
			files = (
				7D122F44268915BE00F5BA34 /* Intents.intentdefinition in Sources */,
				7D122F46268916D700F5BA34 /* Event.swift in Sources */,
				7D122F27268915A300F5BA34 /* IntentHandler.swift in Sources */,
			);
			runOnlyForDeploymentPostprocessing = 0;
		};
		7D20AF65264EBBB0003BF480 /* Sources */ = {
			isa = PBXSourcesBuildPhase;
			buildActionMask = 2147483647;
			files = (
				58560067269A40DF00E86548 /* Coordinator.swift in Sources */,
				7D122F4826891A3800F5BA34 /* Intents.intentdefinition in Sources */,
				7D20AF9F264EBC59003BF480 /* Event.swift in Sources */,
				7D20AF71264EBBB0003BF480 /* ViewController.swift in Sources */,
				7D20AFA1264EC26A003BF480 /* EventCell.swift in Sources */,
				7D20AF6D264EBBB0003BF480 /* AppDelegate.swift in Sources */,
				7D20AF6F264EBBB0003BF480 /* SceneDelegate.swift in Sources */,
				7D93F269267B96B800FA05E5 /* CreateEventViewController.swift in Sources */,
			);
			runOnlyForDeploymentPostprocessing = 0;
		};
		7D20AF7B264EBBB2003BF480 /* Sources */ = {
			isa = PBXSourcesBuildPhase;
			buildActionMask = 2147483647;
			files = (
				7D20AF84264EBBB2003BF480 /* BackToNormalTests.swift in Sources */,
			);
			runOnlyForDeploymentPostprocessing = 0;
		};
		7D20AF86264EBBB2003BF480 /* Sources */ = {
			isa = PBXSourcesBuildPhase;
			buildActionMask = 2147483647;
			files = (
				7D20AF8F264EBBB2003BF480 /* BackToNormalUITests.swift in Sources */,
			);
			runOnlyForDeploymentPostprocessing = 0;
		};
		7D20AFBF2652CC19003BF480 /* Sources */ = {
			isa = PBXSourcesBuildPhase;
			buildActionMask = 2147483647;
			files = (
				7D20AFD82652CDEF003BF480 /* Event.swift in Sources */,
				7D20AFCB2652CC19003BF480 /* btn.swift in Sources */,
			);
			runOnlyForDeploymentPostprocessing = 0;
		};
/* End PBXSourcesBuildPhase section */

/* Begin PBXTargetDependency section */
		7D122F3B268915A300F5BA34 /* PBXTargetDependency */ = {
			isa = PBXTargetDependency;
			target = 7D122F21268915A300F5BA34 /* CreateEventExtension */;
			targetProxy = 7D122F3A268915A300F5BA34 /* PBXContainerItemProxy */;
		};
		7D20AF81264EBBB2003BF480 /* PBXTargetDependency */ = {
			isa = PBXTargetDependency;
			target = 7D20AF68264EBBB0003BF480 /* BackToNormal */;
			targetProxy = 7D20AF80264EBBB2003BF480 /* PBXContainerItemProxy */;
		};
		7D20AF8C264EBBB2003BF480 /* PBXTargetDependency */ = {
			isa = PBXTargetDependency;
			target = 7D20AF68264EBBB0003BF480 /* BackToNormal */;
			targetProxy = 7D20AF8B264EBBB2003BF480 /* PBXContainerItemProxy */;
		};
		7D20AFD02652CC1B003BF480 /* PBXTargetDependency */ = {
			isa = PBXTargetDependency;
			target = 7D20AFC22652CC19003BF480 /* btnExtension */;
			targetProxy = 7D20AFCF2652CC1B003BF480 /* PBXContainerItemProxy */;
		};
/* End PBXTargetDependency section */

/* Begin PBXVariantGroup section */
		7D122F33268915A300F5BA34 /* MainInterface.storyboard */ = {
			isa = PBXVariantGroup;
			children = (
				7D122F34268915A300F5BA34 /* Base */,
			);
			name = MainInterface.storyboard;
			sourceTree = "<group>";
		};
		7D20AF72264EBBB0003BF480 /* Main.storyboard */ = {
			isa = PBXVariantGroup;
			children = (
				7D20AF73264EBBB0003BF480 /* Base */,
			);
			name = Main.storyboard;
			sourceTree = "<group>";
		};
		7D20AF77264EBBB2003BF480 /* LaunchScreen.storyboard */ = {
			isa = PBXVariantGroup;
			children = (
				7D20AF78264EBBB2003BF480 /* Base */,
			);
			name = LaunchScreen.storyboard;
			sourceTree = "<group>";
		};
/* End PBXVariantGroup section */

/* Begin XCBuildConfiguration section */
		7D122F3D268915A300F5BA34 /* Debug */ = {
			isa = XCBuildConfiguration;
			buildSettings = {
				CODE_SIGN_ENTITLEMENTS = CreateEventExtension/CreateEventExtension.entitlements;
				CODE_SIGN_STYLE = Automatic;
				CURRENT_PROJECT_VERSION = 1;
				DEVELOPMENT_TEAM = 4JT9WCF3HF;
				GENERATE_INFOPLIST_FILE = YES;
				INFOPLIST_FILE = CreateEventExtension/Info.plist;
				INFOPLIST_KEY_CFBundleDisplayName = CreateEventExtension;
				INFOPLIST_KEY_CFBundleExecutable = CreateEventExtension;
				INFOPLIST_KEY_CFBundleName = CreateEventExtension;
				INFOPLIST_KEY_CFBundleVersion = 1;
				INFOPLIST_KEY_NSHumanReadableCopyright = "";
				IPHONEOS_DEPLOYMENT_TARGET = 15.0;
				LD_RUNPATH_SEARCH_PATHS = (
					"$(inherited)",
					"@executable_path/Frameworks",
					"@executable_path/../../Frameworks",
				);
				MARKETING_VERSION = 1.0;
				PRODUCT_BUNDLE_IDENTIFIER = com.rmirabelli.BackToNormal.CreateEventExtension;
				PRODUCT_NAME = "$(TARGET_NAME)";
				SKIP_INSTALL = YES;
				SWIFT_EMIT_LOC_STRINGS = YES;
				SWIFT_VERSION = 5.0;
				TARGETED_DEVICE_FAMILY = "1,2";
			};
			name = Debug;
		};
		7D122F3E268915A300F5BA34 /* Release */ = {
			isa = XCBuildConfiguration;
			buildSettings = {
				CODE_SIGN_ENTITLEMENTS = CreateEventExtension/CreateEventExtension.entitlements;
				CODE_SIGN_STYLE = Automatic;
				CURRENT_PROJECT_VERSION = 1;
				DEVELOPMENT_TEAM = 4JT9WCF3HF;
				GENERATE_INFOPLIST_FILE = YES;
				INFOPLIST_FILE = CreateEventExtension/Info.plist;
				INFOPLIST_KEY_CFBundleDisplayName = CreateEventExtension;
				INFOPLIST_KEY_CFBundleExecutable = CreateEventExtension;
				INFOPLIST_KEY_CFBundleName = CreateEventExtension;
				INFOPLIST_KEY_CFBundleVersion = 1;
				INFOPLIST_KEY_NSHumanReadableCopyright = "";
				IPHONEOS_DEPLOYMENT_TARGET = 15.0;
				LD_RUNPATH_SEARCH_PATHS = (
					"$(inherited)",
					"@executable_path/Frameworks",
					"@executable_path/../../Frameworks",
				);
				MARKETING_VERSION = 1.0;
				PRODUCT_BUNDLE_IDENTIFIER = com.rmirabelli.BackToNormal.CreateEventExtension;
				PRODUCT_NAME = "$(TARGET_NAME)";
				SKIP_INSTALL = YES;
				SWIFT_EMIT_LOC_STRINGS = YES;
				SWIFT_VERSION = 5.0;
				TARGETED_DEVICE_FAMILY = "1,2";
			};
			name = Release;
		};
		7D20AF91264EBBB2003BF480 /* Debug */ = {
			isa = XCBuildConfiguration;
			buildSettings = {
				ALWAYS_SEARCH_USER_PATHS = NO;
				CLANG_ANALYZER_NONNULL = YES;
				CLANG_ANALYZER_NUMBER_OBJECT_CONVERSION = YES_AGGRESSIVE;
				CLANG_CXX_LANGUAGE_STANDARD = "gnu++14";
				CLANG_CXX_LIBRARY = "libc++";
				CLANG_ENABLE_MODULES = YES;
				CLANG_ENABLE_OBJC_ARC = YES;
				CLANG_ENABLE_OBJC_WEAK = YES;
				CLANG_WARN_BLOCK_CAPTURE_AUTORELEASING = YES;
				CLANG_WARN_BOOL_CONVERSION = YES;
				CLANG_WARN_COMMA = YES;
				CLANG_WARN_CONSTANT_CONVERSION = YES;
				CLANG_WARN_DEPRECATED_OBJC_IMPLEMENTATIONS = YES;
				CLANG_WARN_DIRECT_OBJC_ISA_USAGE = YES_ERROR;
				CLANG_WARN_DOCUMENTATION_COMMENTS = YES;
				CLANG_WARN_EMPTY_BODY = YES;
				CLANG_WARN_ENUM_CONVERSION = YES;
				CLANG_WARN_INFINITE_RECURSION = YES;
				CLANG_WARN_INT_CONVERSION = YES;
				CLANG_WARN_NON_LITERAL_NULL_CONVERSION = YES;
				CLANG_WARN_OBJC_IMPLICIT_RETAIN_SELF = YES;
				CLANG_WARN_OBJC_LITERAL_CONVERSION = YES;
				CLANG_WARN_OBJC_ROOT_CLASS = YES_ERROR;
				CLANG_WARN_QUOTED_INCLUDE_IN_FRAMEWORK_HEADER = YES;
				CLANG_WARN_RANGE_LOOP_ANALYSIS = YES;
				CLANG_WARN_STRICT_PROTOTYPES = YES;
				CLANG_WARN_SUSPICIOUS_MOVE = YES;
				CLANG_WARN_UNGUARDED_AVAILABILITY = YES_AGGRESSIVE;
				CLANG_WARN_UNREACHABLE_CODE = YES;
				CLANG_WARN__DUPLICATE_METHOD_MATCH = YES;
				COPY_PHASE_STRIP = NO;
				DEBUG_INFORMATION_FORMAT = dwarf;
				ENABLE_STRICT_OBJC_MSGSEND = YES;
				ENABLE_TESTABILITY = YES;
				GCC_C_LANGUAGE_STANDARD = gnu11;
				GCC_DYNAMIC_NO_PIC = NO;
				GCC_NO_COMMON_BLOCKS = YES;
				GCC_OPTIMIZATION_LEVEL = 0;
				GCC_PREPROCESSOR_DEFINITIONS = (
					"DEBUG=1",
					"$(inherited)",
				);
				GCC_WARN_64_TO_32_BIT_CONVERSION = YES;
				GCC_WARN_ABOUT_RETURN_TYPE = YES_ERROR;
				GCC_WARN_UNDECLARED_SELECTOR = YES;
				GCC_WARN_UNINITIALIZED_AUTOS = YES_AGGRESSIVE;
				GCC_WARN_UNUSED_FUNCTION = YES;
				GCC_WARN_UNUSED_VARIABLE = YES;
				IPHONEOS_DEPLOYMENT_TARGET = 14.5;
				MTL_ENABLE_DEBUG_INFO = INCLUDE_SOURCE;
				MTL_FAST_MATH = YES;
				ONLY_ACTIVE_ARCH = YES;
				SDKROOT = iphoneos;
				SWIFT_ACTIVE_COMPILATION_CONDITIONS = DEBUG;
				SWIFT_OPTIMIZATION_LEVEL = "-Onone";
			};
			name = Debug;
		};
		7D20AF92264EBBB2003BF480 /* Release */ = {
			isa = XCBuildConfiguration;
			buildSettings = {
				ALWAYS_SEARCH_USER_PATHS = NO;
				CLANG_ANALYZER_NONNULL = YES;
				CLANG_ANALYZER_NUMBER_OBJECT_CONVERSION = YES_AGGRESSIVE;
				CLANG_CXX_LANGUAGE_STANDARD = "gnu++14";
				CLANG_CXX_LIBRARY = "libc++";
				CLANG_ENABLE_MODULES = YES;
				CLANG_ENABLE_OBJC_ARC = YES;
				CLANG_ENABLE_OBJC_WEAK = YES;
				CLANG_WARN_BLOCK_CAPTURE_AUTORELEASING = YES;
				CLANG_WARN_BOOL_CONVERSION = YES;
				CLANG_WARN_COMMA = YES;
				CLANG_WARN_CONSTANT_CONVERSION = YES;
				CLANG_WARN_DEPRECATED_OBJC_IMPLEMENTATIONS = YES;
				CLANG_WARN_DIRECT_OBJC_ISA_USAGE = YES_ERROR;
				CLANG_WARN_DOCUMENTATION_COMMENTS = YES;
				CLANG_WARN_EMPTY_BODY = YES;
				CLANG_WARN_ENUM_CONVERSION = YES;
				CLANG_WARN_INFINITE_RECURSION = YES;
				CLANG_WARN_INT_CONVERSION = YES;
				CLANG_WARN_NON_LITERAL_NULL_CONVERSION = YES;
				CLANG_WARN_OBJC_IMPLICIT_RETAIN_SELF = YES;
				CLANG_WARN_OBJC_LITERAL_CONVERSION = YES;
				CLANG_WARN_OBJC_ROOT_CLASS = YES_ERROR;
				CLANG_WARN_QUOTED_INCLUDE_IN_FRAMEWORK_HEADER = YES;
				CLANG_WARN_RANGE_LOOP_ANALYSIS = YES;
				CLANG_WARN_STRICT_PROTOTYPES = YES;
				CLANG_WARN_SUSPICIOUS_MOVE = YES;
				CLANG_WARN_UNGUARDED_AVAILABILITY = YES_AGGRESSIVE;
				CLANG_WARN_UNREACHABLE_CODE = YES;
				CLANG_WARN__DUPLICATE_METHOD_MATCH = YES;
				COPY_PHASE_STRIP = NO;
				DEBUG_INFORMATION_FORMAT = "dwarf-with-dsym";
				ENABLE_NS_ASSERTIONS = NO;
				ENABLE_STRICT_OBJC_MSGSEND = YES;
				GCC_C_LANGUAGE_STANDARD = gnu11;
				GCC_NO_COMMON_BLOCKS = YES;
				GCC_WARN_64_TO_32_BIT_CONVERSION = YES;
				GCC_WARN_ABOUT_RETURN_TYPE = YES_ERROR;
				GCC_WARN_UNDECLARED_SELECTOR = YES;
				GCC_WARN_UNINITIALIZED_AUTOS = YES_AGGRESSIVE;
				GCC_WARN_UNUSED_FUNCTION = YES;
				GCC_WARN_UNUSED_VARIABLE = YES;
				IPHONEOS_DEPLOYMENT_TARGET = 14.5;
				MTL_ENABLE_DEBUG_INFO = NO;
				MTL_FAST_MATH = YES;
				SDKROOT = iphoneos;
				SWIFT_COMPILATION_MODE = wholemodule;
				SWIFT_OPTIMIZATION_LEVEL = "-O";
				VALIDATE_PRODUCT = YES;
			};
			name = Release;
		};
		7D20AF94264EBBB2003BF480 /* Debug */ = {
			isa = XCBuildConfiguration;
			buildSettings = {
				ALWAYS_EMBED_SWIFT_STANDARD_LIBRARIES = YES;
				ASSETCATALOG_COMPILER_APPICON_NAME = AppIcon;
				ASSETCATALOG_COMPILER_GLOBAL_ACCENT_COLOR_NAME = AccentColor;
				CODE_SIGN_ENTITLEMENTS = BackToNormal/BackToNormal.entitlements;
				CODE_SIGN_STYLE = Automatic;
				DEVELOPMENT_TEAM = 35RU8AKZX8;
				INFOPLIST_FILE = BackToNormal/Info.plist;
				LD_RUNPATH_SEARCH_PATHS = (
					"$(inherited)",
					"@executable_path/Frameworks",
				);
				PRODUCT_BUNDLE_IDENTIFIER = com.rmirabelli.BackToNormal;
				PRODUCT_NAME = "$(TARGET_NAME)";
				SWIFT_VERSION = 5.0;
				TARGETED_DEVICE_FAMILY = "1,2";
			};
			name = Debug;
		};
		7D20AF95264EBBB2003BF480 /* Release */ = {
			isa = XCBuildConfiguration;
			buildSettings = {
				ALWAYS_EMBED_SWIFT_STANDARD_LIBRARIES = YES;
				ASSETCATALOG_COMPILER_APPICON_NAME = AppIcon;
				ASSETCATALOG_COMPILER_GLOBAL_ACCENT_COLOR_NAME = AccentColor;
				CODE_SIGN_ENTITLEMENTS = BackToNormal/BackToNormal.entitlements;
				CODE_SIGN_STYLE = Automatic;
				DEVELOPMENT_TEAM = 35RU8AKZX8;
				INFOPLIST_FILE = BackToNormal/Info.plist;
				LD_RUNPATH_SEARCH_PATHS = (
					"$(inherited)",
					"@executable_path/Frameworks",
				);
				PRODUCT_BUNDLE_IDENTIFIER = com.rmirabelli.BackToNormal;
				PRODUCT_NAME = "$(TARGET_NAME)";
				SWIFT_VERSION = 5.0;
				TARGETED_DEVICE_FAMILY = "1,2";
			};
			name = Release;
		};
		7D20AF97264EBBB2003BF480 /* Debug */ = {
			isa = XCBuildConfiguration;
			buildSettings = {
				ALWAYS_EMBED_SWIFT_STANDARD_LIBRARIES = YES;
				BUNDLE_LOADER = "$(TEST_HOST)";
				CODE_SIGN_STYLE = Automatic;
				DEVELOPMENT_TEAM = 4JT9WCF3HF;
				INFOPLIST_FILE = BackToNormalTests/Info.plist;
				IPHONEOS_DEPLOYMENT_TARGET = 14.5;
				LD_RUNPATH_SEARCH_PATHS = (
					"$(inherited)",
					"@executable_path/Frameworks",
					"@loader_path/Frameworks",
				);
				PRODUCT_BUNDLE_IDENTIFIER = com.rmirabelli.BackToNormalTests;
				PRODUCT_NAME = "$(TARGET_NAME)";
				SWIFT_VERSION = 5.0;
				TARGETED_DEVICE_FAMILY = "1,2";
				TEST_HOST = "$(BUILT_PRODUCTS_DIR)/BackToNormal.app/BackToNormal";
			};
			name = Debug;
		};
		7D20AF98264EBBB2003BF480 /* Release */ = {
			isa = XCBuildConfiguration;
			buildSettings = {
				ALWAYS_EMBED_SWIFT_STANDARD_LIBRARIES = YES;
				BUNDLE_LOADER = "$(TEST_HOST)";
				CODE_SIGN_STYLE = Automatic;
				DEVELOPMENT_TEAM = 4JT9WCF3HF;
				INFOPLIST_FILE = BackToNormalTests/Info.plist;
				IPHONEOS_DEPLOYMENT_TARGET = 14.5;
				LD_RUNPATH_SEARCH_PATHS = (
					"$(inherited)",
					"@executable_path/Frameworks",
					"@loader_path/Frameworks",
				);
				PRODUCT_BUNDLE_IDENTIFIER = com.rmirabelli.BackToNormalTests;
				PRODUCT_NAME = "$(TARGET_NAME)";
				SWIFT_VERSION = 5.0;
				TARGETED_DEVICE_FAMILY = "1,2";
				TEST_HOST = "$(BUILT_PRODUCTS_DIR)/BackToNormal.app/BackToNormal";
			};
			name = Release;
		};
		7D20AF9A264EBBB2003BF480 /* Debug */ = {
			isa = XCBuildConfiguration;
			buildSettings = {
				ALWAYS_EMBED_SWIFT_STANDARD_LIBRARIES = YES;
				CODE_SIGN_STYLE = Automatic;
				DEVELOPMENT_TEAM = 4JT9WCF3HF;
				INFOPLIST_FILE = BackToNormalUITests/Info.plist;
				LD_RUNPATH_SEARCH_PATHS = (
					"$(inherited)",
					"@executable_path/Frameworks",
					"@loader_path/Frameworks",
				);
				PRODUCT_BUNDLE_IDENTIFIER = com.rmirabelli.BackToNormalUITests;
				PRODUCT_NAME = "$(TARGET_NAME)";
				SWIFT_VERSION = 5.0;
				TARGETED_DEVICE_FAMILY = "1,2";
				TEST_TARGET_NAME = BackToNormal;
			};
			name = Debug;
		};
		7D20AF9B264EBBB2003BF480 /* Release */ = {
			isa = XCBuildConfiguration;
			buildSettings = {
				ALWAYS_EMBED_SWIFT_STANDARD_LIBRARIES = YES;
				CODE_SIGN_STYLE = Automatic;
				DEVELOPMENT_TEAM = 4JT9WCF3HF;
				INFOPLIST_FILE = BackToNormalUITests/Info.plist;
				LD_RUNPATH_SEARCH_PATHS = (
					"$(inherited)",
					"@executable_path/Frameworks",
					"@loader_path/Frameworks",
				);
				PRODUCT_BUNDLE_IDENTIFIER = com.rmirabelli.BackToNormalUITests;
				PRODUCT_NAME = "$(TARGET_NAME)";
				SWIFT_VERSION = 5.0;
				TARGETED_DEVICE_FAMILY = "1,2";
				TEST_TARGET_NAME = BackToNormal;
			};
			name = Release;
		};
		7D20AFD32652CC1B003BF480 /* Debug */ = {
			isa = XCBuildConfiguration;
			buildSettings = {
				ASSETCATALOG_COMPILER_GLOBAL_ACCENT_COLOR_NAME = AccentColor;
				ASSETCATALOG_COMPILER_WIDGET_BACKGROUND_COLOR_NAME = WidgetBackground;
				CODE_SIGN_ENTITLEMENTS = btnExtension.entitlements;
				CODE_SIGN_STYLE = Automatic;
				DEVELOPMENT_TEAM = 4JT9WCF3HF;
				INFOPLIST_FILE = btn/Info.plist;
				LD_RUNPATH_SEARCH_PATHS = (
					"$(inherited)",
					"@executable_path/Frameworks",
					"@executable_path/../../Frameworks",
				);
				PRODUCT_BUNDLE_IDENTIFIER = com.rmirabelli.BackToNormal.btn;
				PRODUCT_NAME = "$(TARGET_NAME)";
				SKIP_INSTALL = YES;
				SWIFT_VERSION = 5.0;
				TARGETED_DEVICE_FAMILY = "1,2";
			};
			name = Debug;
		};
		7D20AFD42652CC1B003BF480 /* Release */ = {
			isa = XCBuildConfiguration;
			buildSettings = {
				ASSETCATALOG_COMPILER_GLOBAL_ACCENT_COLOR_NAME = AccentColor;
				ASSETCATALOG_COMPILER_WIDGET_BACKGROUND_COLOR_NAME = WidgetBackground;
				CODE_SIGN_ENTITLEMENTS = btnExtension.entitlements;
				CODE_SIGN_STYLE = Automatic;
				DEVELOPMENT_TEAM = 4JT9WCF3HF;
				INFOPLIST_FILE = btn/Info.plist;
				LD_RUNPATH_SEARCH_PATHS = (
					"$(inherited)",
					"@executable_path/Frameworks",
					"@executable_path/../../Frameworks",
				);
				PRODUCT_BUNDLE_IDENTIFIER = com.rmirabelli.BackToNormal.btn;
				PRODUCT_NAME = "$(TARGET_NAME)";
				SKIP_INSTALL = YES;
				SWIFT_VERSION = 5.0;
				TARGETED_DEVICE_FAMILY = "1,2";
			};
			name = Release;
		};
/* End XCBuildConfiguration section */

/* Begin XCConfigurationList section */
		7D122F42268915A300F5BA34 /* Build configuration list for PBXNativeTarget "CreateEventExtension" */ = {
			isa = XCConfigurationList;
			buildConfigurations = (
				7D122F3D268915A300F5BA34 /* Debug */,
				7D122F3E268915A300F5BA34 /* Release */,
			);
			defaultConfigurationIsVisible = 0;
			defaultConfigurationName = Release;
		};
		7D20AF64264EBBB0003BF480 /* Build configuration list for PBXProject "BackToNormal" */ = {
			isa = XCConfigurationList;
			buildConfigurations = (
				7D20AF91264EBBB2003BF480 /* Debug */,
				7D20AF92264EBBB2003BF480 /* Release */,
			);
			defaultConfigurationIsVisible = 0;
			defaultConfigurationName = Release;
		};
		7D20AF93264EBBB2003BF480 /* Build configuration list for PBXNativeTarget "BackToNormal" */ = {
			isa = XCConfigurationList;
			buildConfigurations = (
				7D20AF94264EBBB2003BF480 /* Debug */,
				7D20AF95264EBBB2003BF480 /* Release */,
			);
			defaultConfigurationIsVisible = 0;
			defaultConfigurationName = Release;
		};
		7D20AF96264EBBB2003BF480 /* Build configuration list for PBXNativeTarget "BackToNormalTests" */ = {
			isa = XCConfigurationList;
			buildConfigurations = (
				7D20AF97264EBBB2003BF480 /* Debug */,
				7D20AF98264EBBB2003BF480 /* Release */,
			);
			defaultConfigurationIsVisible = 0;
			defaultConfigurationName = Release;
		};
		7D20AF99264EBBB2003BF480 /* Build configuration list for PBXNativeTarget "BackToNormalUITests" */ = {
			isa = XCConfigurationList;
			buildConfigurations = (
				7D20AF9A264EBBB2003BF480 /* Debug */,
				7D20AF9B264EBBB2003BF480 /* Release */,
			);
			defaultConfigurationIsVisible = 0;
			defaultConfigurationName = Release;
		};
		7D20AFD52652CC1B003BF480 /* Build configuration list for PBXNativeTarget "btnExtension" */ = {
			isa = XCConfigurationList;
			buildConfigurations = (
				7D20AFD32652CC1B003BF480 /* Debug */,
				7D20AFD42652CC1B003BF480 /* Release */,
			);
			defaultConfigurationIsVisible = 0;
			defaultConfigurationName = Release;
		};
/* End XCConfigurationList section */

/* Begin XCRemoteSwiftPackageReference section */
		7D20AFA2264EC2E4003BF480 /* XCRemoteSwiftPackageReference "iOS-UtiliKit" */ = {
			isa = XCRemoteSwiftPackageReference;
			repositoryURL = "https://github.com/BottleRocketStudios/iOS-UtiliKit";
			requirement = {
				kind = upToNextMajorVersion;
				minimumVersion = 1.7.0;
			};
		};
/* End XCRemoteSwiftPackageReference section */

/* Begin XCSwiftPackageProductDependency section */
		7D20AFA3264EC2E4003BF480 /* UtiliKit */ = {
			isa = XCSwiftPackageProductDependency;
			package = 7D20AFA2264EC2E4003BF480 /* XCRemoteSwiftPackageReference "iOS-UtiliKit" */;
			productName = UtiliKit;
		};
/* End XCSwiftPackageProductDependency section */
	};
	rootObject = 7D20AF61264EBBB0003BF480 /* Project object */;
}
